
Microsoft Visual Studio Solution File, Format Version 12.00
# Visual Studio Version 17
VisualStudioVersion = 17.2.32630.192
MinimumVisualStudioVersion = 10.0.40219.1
Project("{FAE04EC0-301F-11D3-BF4B-00C04F79EFBC}") = "Code_first_EF", "Code_first_EF.csproj", "{ABA79E41-05F4-4264-AAB9-DC0D85EAA32E}"
EndProject
Global
	GlobalSection(SolutionConfigurationPlatforms) = preSolution
		Debug|Any CPU = Debug|Any CPU
		Release|Any CPU = Release|Any CPU
	EndGlobalSection
	GlobalSection(ProjectConfigurationPlatforms) = postSolution
		{ABA79E41-05F4-4264-AAB9-DC0D85EAA32E}.Debug|Any CPU.ActiveCfg = Debug|Any CPU
		{ABA79E41-05F4-4264-AAB9-DC0D85EAA32E}.Debug|Any CPU.Build.0 = Debug|Any CPU
		{ABA79E41-05F4-4264-AAB9-DC0D85EAA32E}.Release|Any CPU.ActiveCfg = Release|Any CPU
		{ABA79E41-05F4-4264-AAB9-DC0D85EAA32E}.Release|Any CPU.Build.0 = Release|Any CPU
	EndGlobalSection
	GlobalSection(SolutionProperties) = preSolution
		HideSolutionNode = FALSE
	EndGlobalSection
	GlobalSection(ExtensibilityGlobals) = postSolution
		SolutionGuid = {AE39A709-A506-45C9-9F4E-FA1D212D02FD}
	EndGlobalSection
EndGlobal
