
Microsoft Visual Studio Solution File, Format Version 12.00
# Visual Studio Version 17
VisualStudioVersion = 17.2.32630.192
MinimumVisualStudioVersion = 10.0.40219.1
Project("{FAE04EC0-301F-11D3-BF4B-00C04F79EFBC}") = "Chemicals___Sri_Arungarai_Amman_Traders", "Chemicals___Sri_Arungarai_Amman_Traders\Chemicals___Sri_Arungarai_Amman_Traders.csproj", "{14655CF2-5421-46F5-8566-CB28257EEBFD}"
EndProject
Global
	GlobalSection(SolutionConfigurationPlatforms) = preSolution
		Debug|Any CPU = Debug|Any CPU
		Release|Any CPU = Release|Any CPU
	EndGlobalSection
	GlobalSection(ProjectConfigurationPlatforms) = postSolution
		{14655CF2-5421-46F5-8566-CB28257EEBFD}.Debug|Any CPU.ActiveCfg = Debug|Any CPU
		{14655CF2-5421-46F5-8566-CB28257EEBFD}.Debug|Any CPU.Build.0 = Debug|Any CPU
		{14655CF2-5421-46F5-8566-CB28257EEBFD}.Release|Any CPU.ActiveCfg = Release|Any CPU
		{14655CF2-5421-46F5-8566-CB28257EEBFD}.Release|Any CPU.Build.0 = Release|Any CPU
	EndGlobalSection
	GlobalSection(SolutionProperties) = preSolution
		HideSolutionNode = FALSE
	EndGlobalSection
	GlobalSection(ExtensibilityGlobals) = postSolution
		SolutionGuid = {1F8F0453-53F8-4E2F-8323-794F826D8CDE}
	EndGlobalSection
EndGlobal
