
Microsoft Visual Studio Solution File, Format Version 12.00
# Visual Studio Version 17
VisualStudioVersion = 17.2.32630.192
MinimumVisualStudioVersion = 10.0.40219.1
Project("{FAE04EC0-301F-11D3-BF4B-00C04F79EFBC}") = "Clinic_Management_System", "Clinic_Management_System.csproj", "{0C50D0E9-7067-4C11-814E-08CD7BA9B9D0}"
EndProject
Global
	GlobalSection(SolutionConfigurationPlatforms) = preSolution
		Debug|Any CPU = Debug|Any CPU
		Release|Any CPU = Release|Any CPU
	EndGlobalSection
	GlobalSection(ProjectConfigurationPlatforms) = postSolution
		{0C50D0E9-7067-4C11-814E-08CD7BA9B9D0}.Debug|Any CPU.ActiveCfg = Debug|Any CPU
		{0C50D0E9-7067-4C11-814E-08CD7BA9B9D0}.Debug|Any CPU.Build.0 = Debug|Any CPU
		{0C50D0E9-7067-4C11-814E-08CD7BA9B9D0}.Release|Any CPU.ActiveCfg = Release|Any CPU
		{0C50D0E9-7067-4C11-814E-08CD7BA9B9D0}.Release|Any CPU.Build.0 = Release|Any CPU
	EndGlobalSection
	GlobalSection(SolutionProperties) = preSolution
		HideSolutionNode = FALSE
	EndGlobalSection
	GlobalSection(ExtensibilityGlobals) = postSolution
		SolutionGuid = {FB23A80B-D02C-4526-A3A3-38BC2E2B65BE}
	EndGlobalSection
EndGlobal
