
Microsoft Visual Studio Solution File, Format Version 12.00
# Visual Studio Version 17
VisualStudioVersion = 17.2.32630.192
MinimumVisualStudioVersion = 10.0.40219.1
Project("{FAE04EC0-301F-11D3-BF4B-00C04F79EFBC}") = "library_calc", "library_calc.csproj", "{8C0E6F1A-F1BB-420D-8607-37C97CC2545D}"
EndProject
Global
	GlobalSection(SolutionConfigurationPlatforms) = preSolution
		Debug|Any CPU = Debug|Any CPU
		Release|Any CPU = Release|Any CPU
	EndGlobalSection
	GlobalSection(ProjectConfigurationPlatforms) = postSolution
		{8C0E6F1A-F1BB-420D-8607-37C97CC2545D}.Debug|Any CPU.ActiveCfg = Debug|Any CPU
		{8C0E6F1A-F1BB-420D-8607-37C97CC2545D}.Debug|Any CPU.Build.0 = Debug|Any CPU
		{8C0E6F1A-F1BB-420D-8607-37C97CC2545D}.Release|Any CPU.ActiveCfg = Release|Any CPU
		{8C0E6F1A-F1BB-420D-8607-37C97CC2545D}.Release|Any CPU.Build.0 = Release|Any CPU
	EndGlobalSection
	GlobalSection(SolutionProperties) = preSolution
		HideSolutionNode = FALSE
	EndGlobalSection
	GlobalSection(ExtensibilityGlobals) = postSolution
		SolutionGuid = {EC7B0382-9492-41AD-BD4C-C95CA456D393}
	EndGlobalSection
EndGlobal
