
Microsoft Visual Studio Solution File, Format Version 12.00
# Visual Studio Version 17
VisualStudioVersion = 17.2.32630.192
MinimumVisualStudioVersion = 10.0.40219.1
Project("{FAE04EC0-301F-11D3-BF4B-00C04F79EFBC}") = "Web API Students", "Web API Cars\Web API Students.csproj", "{193D48D1-2B39-4603-A31A-509A6B809AB6}"
EndProject
Global
	GlobalSection(SolutionConfigurationPlatforms) = preSolution
		Debug|Any CPU = Debug|Any CPU
		Release|Any CPU = Release|Any CPU
	EndGlobalSection
	GlobalSection(ProjectConfigurationPlatforms) = postSolution
		{193D48D1-2B39-4603-A31A-509A6B809AB6}.Debug|Any CPU.ActiveCfg = Debug|Any CPU
		{193D48D1-2B39-4603-A31A-509A6B809AB6}.Debug|Any CPU.Build.0 = Debug|Any CPU
		{193D48D1-2B39-4603-A31A-509A6B809AB6}.Release|Any CPU.ActiveCfg = Release|Any CPU
		{193D48D1-2B39-4603-A31A-509A6B809AB6}.Release|Any CPU.Build.0 = Release|Any CPU
	EndGlobalSection
	GlobalSection(SolutionProperties) = preSolution
		HideSolutionNode = FALSE
	EndGlobalSection
	GlobalSection(ExtensibilityGlobals) = postSolution
		SolutionGuid = {BD54E9FD-1C7A-4428-AA4B-1AA1FABE6CB0}
	EndGlobalSection
EndGlobal
