
Microsoft Visual Studio Solution File, Format Version 12.00
# Visual Studio Version 17
VisualStudioVersion = 17.2.32630.192
MinimumVisualStudioVersion = 10.0.40219.1
Project("{FAE04EC0-301F-11D3-BF4B-00C04F79EFBC}") = "Sri_Arungarai_Amman_Traders", "Sri_Arungarai_Amman_Traders.csproj", "{5996D239-77E7-457D-AE1F-685682294F45}"
EndProject
Global
	GlobalSection(SolutionConfigurationPlatforms) = preSolution
		Debug|Any CPU = Debug|Any CPU
		Release|Any CPU = Release|Any CPU
	EndGlobalSection
	GlobalSection(ProjectConfigurationPlatforms) = postSolution
		{5996D239-77E7-457D-AE1F-685682294F45}.Debug|Any CPU.ActiveCfg = Debug|Any CPU
		{5996D239-77E7-457D-AE1F-685682294F45}.Debug|Any CPU.Build.0 = Debug|Any CPU
		{5996D239-77E7-457D-AE1F-685682294F45}.Release|Any CPU.ActiveCfg = Release|Any CPU
		{5996D239-77E7-457D-AE1F-685682294F45}.Release|Any CPU.Build.0 = Release|Any CPU
	EndGlobalSection
	GlobalSection(SolutionProperties) = preSolution
		HideSolutionNode = FALSE
	EndGlobalSection
	GlobalSection(ExtensibilityGlobals) = postSolution
		SolutionGuid = {D60B124E-46D5-40BC-A10C-7273C6992DF6}
	EndGlobalSection
EndGlobal
