
Microsoft Visual Studio Solution File, Format Version 12.00
# Visual Studio Version 17
VisualStudioVersion = 17.2.32630.192
MinimumVisualStudioVersion = 10.0.40219.1
Project("{9A19103F-16F7-4668-BE54-9A1E7A4F7556}") = "BankRepositary", "BankRepositary.csproj", "{79A02243-0BCA-4011-83C8-4E6196A4078C}"
EndProject
Project("{FAE04EC0-301F-11D3-BF4B-00C04F79EFBC}") = "Bank_Test", "..\Bank_Test\Bank_Test.csproj", "{5BE95E57-7620-4361-A981-6E6CB68BCED6}"
EndProject
Global
	GlobalSection(SolutionConfigurationPlatforms) = preSolution
		Debug|Any CPU = Debug|Any CPU
		Release|Any CPU = Release|Any CPU
	EndGlobalSection
	GlobalSection(ProjectConfigurationPlatforms) = postSolution
		{79A02243-0BCA-4011-83C8-4E6196A4078C}.Debug|Any CPU.ActiveCfg = Debug|Any CPU
		{79A02243-0BCA-4011-83C8-4E6196A4078C}.Debug|Any CPU.Build.0 = Debug|Any CPU
		{79A02243-0BCA-4011-83C8-4E6196A4078C}.Release|Any CPU.ActiveCfg = Release|Any CPU
		{79A02243-0BCA-4011-83C8-4E6196A4078C}.Release|Any CPU.Build.0 = Release|Any CPU
		{5BE95E57-7620-4361-A981-6E6CB68BCED6}.Debug|Any CPU.ActiveCfg = Debug|Any CPU
		{5BE95E57-7620-4361-A981-6E6CB68BCED6}.Debug|Any CPU.Build.0 = Debug|Any CPU
		{5BE95E57-7620-4361-A981-6E6CB68BCED6}.Release|Any CPU.ActiveCfg = Release|Any CPU
		{5BE95E57-7620-4361-A981-6E6CB68BCED6}.Release|Any CPU.Build.0 = Release|Any CPU
	EndGlobalSection
	GlobalSection(SolutionProperties) = preSolution
		HideSolutionNode = FALSE
	EndGlobalSection
	GlobalSection(ExtensibilityGlobals) = postSolution
		SolutionGuid = {7297CA6E-9033-4954-8335-C15C8640CAF1}
	EndGlobalSection
EndGlobal
