
Microsoft Visual Studio Solution File, Format Version 12.00
# Visual Studio Version 17
VisualStudioVersion = 17.2.32630.192
MinimumVisualStudioVersion = 10.0.40219.1
Project("{FAE04EC0-301F-11D3-BF4B-00C04F79EFBC}") = "Department_Store_Console", "Department_Store_Console.csproj", "{8E0D4A8F-27F3-4EA9-AD79-E4C37C19DC8C}"
EndProject
Global
	GlobalSection(SolutionConfigurationPlatforms) = preSolution
		Debug|Any CPU = Debug|Any CPU
		Release|Any CPU = Release|Any CPU
	EndGlobalSection
	GlobalSection(ProjectConfigurationPlatforms) = postSolution
		{8E0D4A8F-27F3-4EA9-AD79-E4C37C19DC8C}.Debug|Any CPU.ActiveCfg = Debug|Any CPU
		{8E0D4A8F-27F3-4EA9-AD79-E4C37C19DC8C}.Debug|Any CPU.Build.0 = Debug|Any CPU
		{8E0D4A8F-27F3-4EA9-AD79-E4C37C19DC8C}.Release|Any CPU.ActiveCfg = Release|Any CPU
		{8E0D4A8F-27F3-4EA9-AD79-E4C37C19DC8C}.Release|Any CPU.Build.0 = Release|Any CPU
	EndGlobalSection
	GlobalSection(SolutionProperties) = preSolution
		HideSolutionNode = FALSE
	EndGlobalSection
	GlobalSection(ExtensibilityGlobals) = postSolution
		SolutionGuid = {5E830EB1-C08B-4689-BE69-2AB159B0D91D}
	EndGlobalSection
EndGlobal
