
Microsoft Visual Studio Solution File, Format Version 12.00
# Visual Studio Version 17
VisualStudioVersion = 17.2.32630.192
MinimumVisualStudioVersion = 10.0.40219.1
Project("{FAE04EC0-301F-11D3-BF4B-00C04F79EFBC}") = "first_MVC_App", "first_MVC_App.csproj", "{8EF096AA-284B-4F74-BB5F-BA937EFBF3FB}"
EndProject
Global
	GlobalSection(SolutionConfigurationPlatforms) = preSolution
		Debug|Any CPU = Debug|Any CPU
		Release|Any CPU = Release|Any CPU
	EndGlobalSection
	GlobalSection(ProjectConfigurationPlatforms) = postSolution
		{8EF096AA-284B-4F74-BB5F-BA937EFBF3FB}.Debug|Any CPU.ActiveCfg = Debug|Any CPU
		{8EF096AA-284B-4F74-BB5F-BA937EFBF3FB}.Debug|Any CPU.Build.0 = Debug|Any CPU
		{8EF096AA-284B-4F74-BB5F-BA937EFBF3FB}.Release|Any CPU.ActiveCfg = Release|Any CPU
		{8EF096AA-284B-4F74-BB5F-BA937EFBF3FB}.Release|Any CPU.Build.0 = Release|Any CPU
	EndGlobalSection
	GlobalSection(SolutionProperties) = preSolution
		HideSolutionNode = FALSE
	EndGlobalSection
	GlobalSection(ExtensibilityGlobals) = postSolution
		SolutionGuid = {E60729A7-42D8-452B-A265-64856954990D}
	EndGlobalSection
EndGlobal
