
Microsoft Visual Studio Solution File, Format Version 12.00
# Visual Studio Version 17
VisualStudioVersion = 17.2.32630.192
MinimumVisualStudioVersion = 10.0.40219.1
Project("{FAE04EC0-301F-11D3-BF4B-00C04F79EFBC}") = "MVC_EF_eg", "MVC_EF_eg.csproj", "{82A9E703-8665-46DC-B05A-4243DE9CDAE8}"
EndProject
Global
	GlobalSection(SolutionConfigurationPlatforms) = preSolution
		Debug|Any CPU = Debug|Any CPU
		Release|Any CPU = Release|Any CPU
	EndGlobalSection
	GlobalSection(ProjectConfigurationPlatforms) = postSolution
		{82A9E703-8665-46DC-B05A-4243DE9CDAE8}.Debug|Any CPU.ActiveCfg = Debug|Any CPU
		{82A9E703-8665-46DC-B05A-4243DE9CDAE8}.Debug|Any CPU.Build.0 = Debug|Any CPU
		{82A9E703-8665-46DC-B05A-4243DE9CDAE8}.Release|Any CPU.ActiveCfg = Release|Any CPU
		{82A9E703-8665-46DC-B05A-4243DE9CDAE8}.Release|Any CPU.Build.0 = Release|Any CPU
	EndGlobalSection
	GlobalSection(SolutionProperties) = preSolution
		HideSolutionNode = FALSE
	EndGlobalSection
	GlobalSection(ExtensibilityGlobals) = postSolution
		SolutionGuid = {6894D92F-0869-430E-A968-71A4387510E9}
	EndGlobalSection
EndGlobal
