
Microsoft Visual Studio Solution File, Format Version 12.00
# Visual Studio Version 17
VisualStudioVersion = 17.2.32630.192
MinimumVisualStudioVersion = 10.0.40219.1
Project("{FAE04EC0-301F-11D3-BF4B-00C04F79EFBC}") = "MVC API Client", "MVC API Client\MVC API Client.csproj", "{16638720-07ED-47BB-8B66-8C4A35988F97}"
EndProject
Global
	GlobalSection(SolutionConfigurationPlatforms) = preSolution
		Debug|Any CPU = Debug|Any CPU
		Release|Any CPU = Release|Any CPU
	EndGlobalSection
	GlobalSection(ProjectConfigurationPlatforms) = postSolution
		{16638720-07ED-47BB-8B66-8C4A35988F97}.Debug|Any CPU.ActiveCfg = Debug|Any CPU
		{16638720-07ED-47BB-8B66-8C4A35988F97}.Debug|Any CPU.Build.0 = Debug|Any CPU
		{16638720-07ED-47BB-8B66-8C4A35988F97}.Release|Any CPU.ActiveCfg = Release|Any CPU
		{16638720-07ED-47BB-8B66-8C4A35988F97}.Release|Any CPU.Build.0 = Release|Any CPU
	EndGlobalSection
	GlobalSection(SolutionProperties) = preSolution
		HideSolutionNode = FALSE
	EndGlobalSection
	GlobalSection(ExtensibilityGlobals) = postSolution
		SolutionGuid = {5736E7E1-6A38-4B4A-84DD-751017C9D393}
	EndGlobalSection
EndGlobal
