
Microsoft Visual Studio Solution File, Format Version 12.00
# Visual Studio Version 17
VisualStudioVersion = 17.2.32630.192
MinimumVisualStudioVersion = 10.0.40219.1
Project("{FAE04EC0-301F-11D3-BF4B-00C04F79EFBC}") = "Fertilizers___Sri_Arungarai_Amman_Traders", "Fertilizers___Sri_Arungarai_Amman_Traders\Fertilizers___Sri_Arungarai_Amman_Traders.csproj", "{FBBCC46B-0E12-4A97-A90D-A29DBC4DC04F}"
EndProject
Global
	GlobalSection(SolutionConfigurationPlatforms) = preSolution
		Debug|Any CPU = Debug|Any CPU
		Release|Any CPU = Release|Any CPU
	EndGlobalSection
	GlobalSection(ProjectConfigurationPlatforms) = postSolution
		{FBBCC46B-0E12-4A97-A90D-A29DBC4DC04F}.Debug|Any CPU.ActiveCfg = Debug|Any CPU
		{FBBCC46B-0E12-4A97-A90D-A29DBC4DC04F}.Debug|Any CPU.Build.0 = Debug|Any CPU
		{FBBCC46B-0E12-4A97-A90D-A29DBC4DC04F}.Release|Any CPU.ActiveCfg = Release|Any CPU
		{FBBCC46B-0E12-4A97-A90D-A29DBC4DC04F}.Release|Any CPU.Build.0 = Release|Any CPU
	EndGlobalSection
	GlobalSection(SolutionProperties) = preSolution
		HideSolutionNode = FALSE
	EndGlobalSection
	GlobalSection(ExtensibilityGlobals) = postSolution
		SolutionGuid = {1A756E5B-9B3C-4213-A668-704638EF30A4}
	EndGlobalSection
EndGlobal
